// !$*UTF8*$!
{
	archiveVersion = 1;
	classes = {
	};
	objectVersion = 56;
	objects = {

/* Begin PBXBuildFile section */
		1A56FEBF2BBC536A00869AFB /* QiitaSearcherApp.swift in Sources */ = {isa = PBXBuildFile; fileRef = 1A56FEBE2BBC536A00869AFB /* QiitaSearcherApp.swift */; };
		1A56FEC12BBC536A00869AFB /* ContentView.swift in Sources */ = {isa = PBXBuildFile; fileRef = 1A56FEC02BBC536A00869AFB /* ContentView.swift */; };
		1A56FEC32BBC536D00869AFB /* Assets.xcassets in Resources */ = {isa = PBXBuildFile; fileRef = 1A56FEC22BBC536D00869AFB /* Assets.xcassets */; };
		1A56FEC62BBC536D00869AFB /* Preview Assets.xcassets in Resources */ = {isa = PBXBuildFile; fileRef = 1A56FEC52BBC536D00869AFB /* Preview Assets.xcassets */; };
		1A56FED02BBC536E00869AFB /* QiitaSearcherTests.swift in Sources */ = {isa = PBXBuildFile; fileRef = 1A56FECF2BBC536E00869AFB /* QiitaSearcherTests.swift */; };
		1A56FEDA2BBC536E00869AFB /* QiitaSearcherUITests.swift in Sources */ = {isa = PBXBuildFile; fileRef = 1A56FED92BBC536E00869AFB /* QiitaSearcherUITests.swift */; };
		1A56FEDC2BBC536E00869AFB /* QiitaSearcherUITestsLaunchTests.swift in Sources */ = {isa = PBXBuildFile; fileRef = 1A56FEDB2BBC536E00869AFB /* QiitaSearcherUITestsLaunchTests.swift */; };
/* End PBXBuildFile section */

/* Begin PBXContainerItemProxy section */
		1A56FECC2BBC536E00869AFB /* PBXContainerItemProxy */ = {
			isa = PBXContainerItemProxy;
			containerPortal = 1A56FEB32BBC536900869AFB /* Project object */;
			proxyType = 1;
			remoteGlobalIDString = 1A56FEBA2BBC536900869AFB;
			remoteInfo = QiitaSearcher;
		};
		1A56FED62BBC536E00869AFB /* PBXContainerItemProxy */ = {
			isa = PBXContainerItemProxy;
			containerPortal = 1A56FEB32BBC536900869AFB /* Project object */;
			proxyType = 1;
			remoteGlobalIDString = 1A56FEBA2BBC536900869AFB;
			remoteInfo = QiitaSearcher;
		};
/* End PBXContainerItemProxy section */

/* Begin PBXFileReference section */
		1A56FEBB2BBC536A00869AFB /* QiitaSearcher.app */ = {isa = PBXFileReference; explicitFileType = wrapper.application; includeInIndex = 0; path = QiitaSearcher.app; sourceTree = BUILT_PRODUCTS_DIR; };
		1A56FEBE2BBC536A00869AFB /* QiitaSearcherApp.swift */ = {isa = PBXFileReference; lastKnownFileType = sourcecode.swift; path = QiitaSearcherApp.swift; sourceTree = "<group>"; };
		1A56FEC02BBC536A00869AFB /* ContentView.swift */ = {isa = PBXFileReference; lastKnownFileType = sourcecode.swift; path = ContentView.swift; sourceTree = "<group>"; };
		1A56FEC22BBC536D00869AFB /* Assets.xcassets */ = {isa = PBXFileReference; lastKnownFileType = folder.assetcatalog; path = Assets.xcassets; sourceTree = "<group>"; };
		1A56FEC52BBC536D00869AFB /* Preview Assets.xcassets */ = {isa = PBXFileReference; lastKnownFileType = folder.assetcatalog; path = "Preview Assets.xcassets"; sourceTree = "<group>"; };
		1A56FECB2BBC536E00869AFB /* QiitaSearcherTests.xctest */ = {isa = PBXFileReference; explicitFileType = wrapper.cfbundle; includeInIndex = 0; path = QiitaSearcherTests.xctest; sourceTree = BUILT_PRODUCTS_DIR; };
		1A56FECF2BBC536E00869AFB /* QiitaSearcherTests.swift */ = {isa = PBXFileReference; lastKnownFileType = sourcecode.swift; path = QiitaSearcherTests.swift; sourceTree = "<group>"; };
		1A56FED52BBC536E00869AFB /* QiitaSearcherUITests.xctest */ = {isa = PBXFileReference; explicitFileType = wrapper.cfbundle; includeInIndex = 0; path = QiitaSearcherUITests.xctest; sourceTree = BUILT_PRODUCTS_DIR; };
		1A56FED92BBC536E00869AFB /* QiitaSearcherUITests.swift */ = {isa = PBXFileReference; lastKnownFileType = sourcecode.swift; path = QiitaSearcherUITests.swift; sourceTree = "<group>"; };
		1A56FEDB2BBC536E00869AFB /* QiitaSearcherUITestsLaunchTests.swift */ = {isa = PBXFileReference; lastKnownFileType = sourcecode.swift; path = QiitaSearcherUITestsLaunchTests.swift; sourceTree = "<group>"; };
/* End PBXFileReference section */

/* Begin PBXFrameworksBuildPhase section */
		1A56FEB82BBC536900869AFB /* Frameworks */ = {
			isa = PBXFrameworksBuildPhase;
			buildActionMask = 2147483647;
			files = (
			);
			runOnlyForDeploymentPostprocessing = 0;
		};
		1A56FEC82BBC536E00869AFB /* Frameworks */ = {
			isa = PBXFrameworksBuildPhase;
			buildActionMask = 2147483647;
			files = (
			);
			runOnlyForDeploymentPostprocessing = 0;
		};
		1A56FED22BBC536E00869AFB /* Frameworks */ = {
			isa = PBXFrameworksBuildPhase;
			buildActionMask = 2147483647;
			files = (
			);
			runOnlyForDeploymentPostprocessing = 0;
		};
/* End PBXFrameworksBuildPhase section */

/* Begin PBXGroup section */
		1A56FEB22BBC536900869AFB = {
			isa = PBXGroup;
			children = (
				1A56FEBD2BBC536A00869AFB /* QiitaSearcher */,
				1A56FECE2BBC536E00869AFB /* QiitaSearcherTests */,
				1A56FED82BBC536E00869AFB /* QiitaSearcherUITests */,
				1A56FEBC2BBC536A00869AFB /* Products */,
			);
			sourceTree = "<group>";
		};
		1A56FEBC2BBC536A00869AFB /* Products */ = {
			isa = PBXGroup;
			children = (
				1A56FEBB2BBC536A00869AFB /* QiitaSearcher.app */,
				1A56FECB2BBC536E00869AFB /* QiitaSearcherTests.xctest */,
				1A56FED52BBC536E00869AFB /* QiitaSearcherUITests.xctest */,
			);
			name = Products;
			sourceTree = "<group>";
		};
		1A56FEBD2BBC536A00869AFB /* QiitaSearcher */ = {
			isa = PBXGroup;
			children = (
				1A56FEBE2BBC536A00869AFB /* QiitaSearcherApp.swift */,
				1A56FEC02BBC536A00869AFB /* ContentView.swift */,
				1A56FEC22BBC536D00869AFB /* Assets.xcassets */,
				1A56FEC42BBC536D00869AFB /* Preview Content */,
			);
			path = QiitaSearcher;
			sourceTree = "<group>";
		};
		1A56FEC42BBC536D00869AFB /* Preview Content */ = {
			isa = PBXGroup;
			children = (
				1A56FEC52BBC536D00869AFB /* Preview Assets.xcassets */,
			);
			path = "Preview Content";
			sourceTree = "<group>";
		};
		1A56FECE2BBC536E00869AFB /* QiitaSearcherTests */ = {
			isa = PBXGroup;
			children = (
				1A56FECF2BBC536E00869AFB /* QiitaSearcherTests.swift */,
			);
			path = QiitaSearcherTests;
			sourceTree = "<group>";
		};
		1A56FED82BBC536E00869AFB /* QiitaSearcherUITests */ = {
			isa = PBXGroup;
			children = (
				1A56FED92BBC536E00869AFB /* QiitaSearcherUITests.swift */,
				1A56FEDB2BBC536E00869AFB /* QiitaSearcherUITestsLaunchTests.swift */,
			);
			path = QiitaSearcherUITests;
			sourceTree = "<group>";
		};
/* End PBXGroup section */

/* Begin PBXNativeTarget section */
		1A56FEBA2BBC536900869AFB /* QiitaSearcher */ = {
			isa = PBXNativeTarget;
			buildConfigurationList = 1A56FEDF2BBC536E00869AFB /* Build configuration list for PBXNativeTarget "QiitaSearcher" */;
			buildPhases = (
				1A56FEB72BBC536900869AFB /* Sources */,
				1A56FEB82BBC536900869AFB /* Frameworks */,
				1A56FEB92BBC536900869AFB /* Resources */,
			);
			buildRules = (
			);
			dependencies = (
			);
			name = QiitaSearcher;
			productName = QiitaSearcher;
			productReference = 1A56FEBB2BBC536A00869AFB /* QiitaSearcher.app */;
			productType = "com.apple.product-type.application";
		};
		1A56FECA2BBC536E00869AFB /* QiitaSearcherTests */ = {
			isa = PBXNativeTarget;
			buildConfigurationList = 1A56FEE22BBC536E00869AFB /* Build configuration list for PBXNativeTarget "QiitaSearcherTests" */;
			buildPhases = (
				1A56FEC72BBC536E00869AFB /* Sources */,
				1A56FEC82BBC536E00869AFB /* Frameworks */,
				1A56FEC92BBC536E00869AFB /* Resources */,
			);
			buildRules = (
			);
			dependencies = (
				1A56FECD2BBC536E00869AFB /* PBXTargetDependency */,
			);
			name = QiitaSearcherTests;
			productName = QiitaSearcherTests;
			productReference = 1A56FECB2BBC536E00869AFB /* QiitaSearcherTests.xctest */;
			productType = "com.apple.product-type.bundle.unit-test";
		};
		1A56FED42BBC536E00869AFB /* QiitaSearcherUITests */ = {
			isa = PBXNativeTarget;
			buildConfigurationList = 1A56FEE52BBC536E00869AFB /* Build configuration list for PBXNativeTarget "QiitaSearcherUITests" */;
			buildPhases = (
				1A56FED12BBC536E00869AFB /* Sources */,
				1A56FED22BBC536E00869AFB /* Frameworks */,
				1A56FED32BBC536E00869AFB /* Resources */,
			);
			buildRules = (
			);
			dependencies = (
				1A56FED72BBC536E00869AFB /* PBXTargetDependency */,
			);
			name = QiitaSearcherUITests;
			productName = QiitaSearcherUITests;
			productReference = 1A56FED52BBC536E00869AFB /* QiitaSearcherUITests.xctest */;
			productType = "com.apple.product-type.bundle.ui-testing";
		};
/* End PBXNativeTarget section */

/* Begin PBXProject section */
		1A56FEB32BBC536900869AFB /* Project object */ = {
			isa = PBXProject;
			attributes = {
				BuildIndependentTargetsInParallel = 1;
				LastSwiftUpdateCheck = 1500;
				LastUpgradeCheck = 1500;
				TargetAttributes = {
					1A56FEBA2BBC536900869AFB = {
						CreatedOnToolsVersion = 15.0.1;
					};
					1A56FECA2BBC536E00869AFB = {
						CreatedOnToolsVersion = 15.0.1;
						TestTargetID = 1A56FEBA2BBC536900869AFB;
					};
					1A56FED42BBC536E00869AFB = {
						CreatedOnToolsVersion = 15.0.1;
						TestTargetID = 1A56FEBA2BBC536900869AFB;
					};
				};
			};
			buildConfigurationList = 1A56FEB62BBC536900869AFB /* Build configuration list for PBXProject "QiitaSearcher" */;
			compatibilityVersion = "Xcode 14.0";
			developmentRegion = en;
			hasScannedForEncodings = 0;
			knownRegions = (
				en,
				Base,
			);
			mainGroup = 1A56FEB22BBC536900869AFB;
			productRefGroup = 1A56FEBC2BBC536A00869AFB /* Products */;
			projectDirPath = "";
			projectRoot = "";
			targets = (
				1A56FEBA2BBC536900869AFB /* QiitaSearcher */,
				1A56FECA2BBC536E00869AFB /* QiitaSearcherTests */,
				1A56FED42BBC536E00869AFB /* QiitaSearcherUITests */,
			);
		};
/* End PBXProject section */

/* Begin PBXResourcesBuildPhase section */
		1A56FEB92BBC536900869AFB /* Resources */ = {
			isa = PBXResourcesBuildPhase;
			buildActionMask = 2147483647;
			files = (
				1A56FEC62BBC536D00869AFB /* Preview Assets.xcassets in Resources */,
				1A56FEC32BBC536D00869AFB /* Assets.xcassets in Resources */,
			);
			runOnlyForDeploymentPostprocessing = 0;
		};
		1A56FEC92BBC536E00869AFB /* Resources */ = {
			isa = PBXResourcesBuildPhase;
			buildActionMask = 2147483647;
			files = (
			);
			runOnlyForDeploymentPostprocessing = 0;
		};
		1A56FED32BBC536E00869AFB /* Resources */ = {
			isa = PBXResourcesBuildPhase;
			buildActionMask = 2147483647;
			files = (
			);
			runOnlyForDeploymentPostprocessing = 0;
		};
/* End PBXResourcesBuildPhase section */

/* Begin PBXSourcesBuildPhase section */
		1A56FEB72BBC536900869AFB /* Sources */ = {
			isa = PBXSourcesBuildPhase;
			buildActionMask = 2147483647;
			files = (
				1A56FEC12BBC536A00869AFB /* ContentView.swift in Sources */,
				1A56FEBF2BBC536A00869AFB /* QiitaSearcherApp.swift in Sources */,
			);
			runOnlyForDeploymentPostprocessing = 0;
		};
		1A56FEC72BBC536E00869AFB /* Sources */ = {
			isa = PBXSourcesBuildPhase;
			buildActionMask = 2147483647;
			files = (
				1A56FED02BBC536E00869AFB /* QiitaSearcherTests.swift in Sources */,
			);
			runOnlyForDeploymentPostprocessing = 0;
		};
		1A56FED12BBC536E00869AFB /* Sources */ = {
			isa = PBXSourcesBuildPhase;
			buildActionMask = 2147483647;
			files = (
				1A56FEDC2BBC536E00869AFB /* QiitaSearcherUITestsLaunchTests.swift in Sources */,
				1A56FEDA2BBC536E00869AFB /* QiitaSearcherUITests.swift in Sources */,
			);
			runOnlyForDeploymentPostprocessing = 0;
		};
/* End PBXSourcesBuildPhase section */

/* Begin PBXTargetDependency section */
		1A56FECD2BBC536E00869AFB /* PBXTargetDependency */ = {
			isa = PBXTargetDependency;
			target = 1A56FEBA2BBC536900869AFB /* QiitaSearcher */;
			targetProxy = 1A56FECC2BBC536E00869AFB /* PBXContainerItemProxy */;
		};
		1A56FED72BBC536E00869AFB /* PBXTargetDependency */ = {
			isa = PBXTargetDependency;
			target = 1A56FEBA2BBC536900869AFB /* QiitaSearcher */;
			targetProxy = 1A56FED62BBC536E00869AFB /* PBXContainerItemProxy */;
		};
/* End PBXTargetDependency section */

/* Begin XCBuildConfiguration section */
		1A56FEDD2BBC536E00869AFB /* Debug */ = {
			isa = XCBuildConfiguration;
			buildSettings = {
				ALWAYS_SEARCH_USER_PATHS = NO;
				ASSETCATALOG_COMPILER_GENERATE_SWIFT_ASSET_SYMBOL_EXTENSIONS = YES;
				CLANG_ANALYZER_NONNULL = YES;
				CLANG_ANALYZER_NUMBER_OBJECT_CONVERSION = YES_AGGRESSIVE;
				CLANG_CXX_LANGUAGE_STANDARD = "gnu++20";
				CLANG_ENABLE_MODULES = YES;
				CLANG_ENABLE_OBJC_ARC = YES;
				CLANG_ENABLE_OBJC_WEAK = YES;
				CLANG_WARN_BLOCK_CAPTURE_AUTORELEASING = YES;
				CLANG_WARN_BOOL_CONVERSION = YES;
				CLANG_WARN_COMMA = YES;
				CLANG_WARN_CONSTANT_CONVERSION = YES;
				CLANG_WARN_DEPRECATED_OBJC_IMPLEMENTATIONS = YES;
				CLANG_WARN_DIRECT_OBJC_ISA_USAGE = YES_ERROR;
				CLANG_WARN_DOCUMENTATION_COMMENTS = YES;
				CLANG_WARN_EMPTY_BODY = YES;
				CLANG_WARN_ENUM_CONVERSION = YES;
				CLANG_WARN_INFINITE_RECURSION = YES;
				CLANG_WARN_INT_CONVERSION = YES;
				CLANG_WARN_NON_LITERAL_NULL_CONVERSION = YES;
				CLANG_WARN_OBJC_IMPLICIT_RETAIN_SELF = YES;
				CLANG_WARN_OBJC_LITERAL_CONVERSION = YES;
				CLANG_WARN_OBJC_ROOT_CLASS = YES_ERROR;
				CLANG_WARN_QUOTED_INCLUDE_IN_FRAMEWORK_HEADER = YES;
				CLANG_WARN_RANGE_LOOP_ANALYSIS = YES;
				CLANG_WARN_STRICT_PROTOTYPES = YES;
				CLANG_WARN_SUSPICIOUS_MOVE = YES;
				CLANG_WARN_UNGUARDED_AVAILABILITY = YES_AGGRESSIVE;
				CLANG_WARN_UNREACHABLE_CODE = YES;
				CLANG_WARN__DUPLICATE_METHOD_MATCH = YES;
				COPY_PHASE_STRIP = NO;
				DEBUG_INFORMATION_FORMAT = dwarf;
				ENABLE_STRICT_OBJC_MSGSEND = YES;
				ENABLE_TESTABILITY = YES;
				ENABLE_USER_SCRIPT_SANDBOXING = YES;
				GCC_C_LANGUAGE_STANDARD = gnu17;
				GCC_DYNAMIC_NO_PIC = NO;
				GCC_NO_COMMON_BLOCKS = YES;
				GCC_OPTIMIZATION_LEVEL = 0;
				GCC_PREPROCESSOR_DEFINITIONS = (
					"DEBUG=1",
					"$(inherited)",
				);
				GCC_WARN_64_TO_32_BIT_CONVERSION = YES;
				GCC_WARN_ABOUT_RETURN_TYPE = YES_ERROR;
				GCC_WARN_UNDECLARED_SELECTOR = YES;
				GCC_WARN_UNINITIALIZED_AUTOS = YES_AGGRESSIVE;
				GCC_WARN_UNUSED_FUNCTION = YES;
				GCC_WARN_UNUSED_VARIABLE = YES;
				IPHONEOS_DEPLOYMENT_TARGET = 17.0;
				LOCALIZATION_PREFERS_STRING_CATALOGS = YES;
				MTL_ENABLE_DEBUG_INFO = INCLUDE_SOURCE;
				MTL_FAST_MATH = YES;
				ONLY_ACTIVE_ARCH = YES;
				SDKROOT = iphoneos;
				SWIFT_ACTIVE_COMPILATION_CONDITIONS = "DEBUG $(inherited)";
				SWIFT_OPTIMIZATION_LEVEL = "-Onone";
			};
			name = Debug;
		};
		1A56FEDE2BBC536E00869AFB /* Release */ = {
			isa = XCBuildConfiguration;
			buildSettings = {
				ALWAYS_SEARCH_USER_PATHS = NO;
				ASSETCATALOG_COMPILER_GENERATE_SWIFT_ASSET_SYMBOL_EXTENSIONS = YES;
				CLANG_ANALYZER_NONNULL = YES;
				CLANG_ANALYZER_NUMBER_OBJECT_CONVERSION = YES_AGGRESSIVE;
				CLANG_CXX_LANGUAGE_STANDARD = "gnu++20";
				CLANG_ENABLE_MODULES = YES;
				CLANG_ENABLE_OBJC_ARC = YES;
				CLANG_ENABLE_OBJC_WEAK = YES;
				CLANG_WARN_BLOCK_CAPTURE_AUTORELEASING = YES;
				CLANG_WARN_BOOL_CONVERSION = YES;
				CLANG_WARN_COMMA = YES;
				CLANG_WARN_CONSTANT_CONVERSION = YES;
				CLANG_WARN_DEPRECATED_OBJC_IMPLEMENTATIONS = YES;
				CLANG_WARN_DIRECT_OBJC_ISA_USAGE = YES_ERROR;
				CLANG_WARN_DOCUMENTATION_COMMENTS = YES;
				CLANG_WARN_EMPTY_BODY = YES;
				CLANG_WARN_ENUM_CONVERSION = YES;
				CLANG_WARN_INFINITE_RECURSION = YES;
				CLANG_WARN_INT_CONVERSION = YES;
				CLANG_WARN_NON_LITERAL_NULL_CONVERSION = YES;
				CLANG_WARN_OBJC_IMPLICIT_RETAIN_SELF = YES;
				CLANG_WARN_OBJC_LITERAL_CONVERSION = YES;
				CLANG_WARN_OBJC_ROOT_CLASS = YES_ERROR;
				CLANG_WARN_QUOTED_INCLUDE_IN_FRAMEWORK_HEADER = YES;
				CLANG_WARN_RANGE_LOOP_ANALYSIS = YES;
				CLANG_WARN_STRICT_PROTOTYPES = YES;
				CLANG_WARN_SUSPICIOUS_MOVE = YES;
				CLANG_WARN_UNGUARDED_AVAILABILITY = YES_AGGRESSIVE;
				CLANG_WARN_UNREACHABLE_CODE = YES;
				CLANG_WARN__DUPLICATE_METHOD_MATCH = YES;
				COPY_PHASE_STRIP = NO;
				DEBUG_INFORMATION_FORMAT = "dwarf-with-dsym";
				ENABLE_NS_ASSERTIONS = NO;
				ENABLE_STRICT_OBJC_MSGSEND = YES;
				ENABLE_USER_SCRIPT_SANDBOXING = YES;
				GCC_C_LANGUAGE_STANDARD = gnu17;
				GCC_NO_COMMON_BLOCKS = YES;
				GCC_WARN_64_TO_32_BIT_CONVERSION = YES;
				GCC_WARN_ABOUT_RETURN_TYPE = YES_ERROR;
				GCC_WARN_UNDECLARED_SELECTOR = YES;
				GCC_WARN_UNINITIALIZED_AUTOS = YES_AGGRESSIVE;
				GCC_WARN_UNUSED_FUNCTION = YES;
				GCC_WARN_UNUSED_VARIABLE = YES;
				IPHONEOS_DEPLOYMENT_TARGET = 17.0;
				LOCALIZATION_PREFERS_STRING_CATALOGS = YES;
				MTL_ENABLE_DEBUG_INFO = NO;
				MTL_FAST_MATH = YES;
				SDKROOT = iphoneos;
				SWIFT_COMPILATION_MODE = wholemodule;
				VALIDATE_PRODUCT = YES;
			};
			name = Release;
		};
		1A56FEE02BBC536E00869AFB /* Debug */ = {
			isa = XCBuildConfiguration;
			buildSettings = {
				ASSETCATALOG_COMPILER_APPICON_NAME = AppIcon;
				ASSETCATALOG_COMPILER_GLOBAL_ACCENT_COLOR_NAME = AccentColor;
				CODE_SIGN_STYLE = Automatic;
				CURRENT_PROJECT_VERSION = 1;
				DEVELOPMENT_ASSET_PATHS = "\"QiitaSearcher/Preview Content\"";
				DEVELOPMENT_TEAM = XSC9AJPSP3;
				ENABLE_PREVIEWS = YES;
				GENERATE_INFOPLIST_FILE = YES;
				INFOPLIST_KEY_UIApplicationSceneManifest_Generation = YES;
				INFOPLIST_KEY_UIApplicationSupportsIndirectInputEvents = YES;
				INFOPLIST_KEY_UILaunchScreen_Generation = YES;
				INFOPLIST_KEY_UISupportedInterfaceOrientations_iPad = "UIInterfaceOrientationPortrait UIInterfaceOrientationPortraitUpsideDown UIInterfaceOrientationLandscapeLeft UIInterfaceOrientationLandscapeRight";
				INFOPLIST_KEY_UISupportedInterfaceOrientations_iPhone = "UIInterfaceOrientationPortrait UIInterfaceOrientationLandscapeLeft UIInterfaceOrientationLandscapeRight";
				LD_RUNPATH_SEARCH_PATHS = (
					"$(inherited)",
					"@executable_path/Frameworks",
				);
				MARKETING_VERSION = 1.0;
				PRODUCT_BUNDLE_IDENTIFIER = com.akidon0000.QiitaSearcher;
				PRODUCT_NAME = "$(TARGET_NAME)";
				SWIFT_EMIT_LOC_STRINGS = YES;
				SWIFT_VERSION = 5.0;
				TARGETED_DEVICE_FAMILY = "1,2";
			};
			name = Debug;
		};
		1A56FEE12BBC536E00869AFB /* Release */ = {
			isa = XCBuildConfiguration;
			buildSettings = {
				ASSETCATALOG_COMPILER_APPICON_NAME = AppIcon;
				ASSETCATALOG_COMPILER_GLOBAL_ACCENT_COLOR_NAME = AccentColor;
				CODE_SIGN_STYLE = Automatic;
				CURRENT_PROJECT_VERSION = 1;
				DEVELOPMENT_ASSET_PATHS = "\"QiitaSearcher/Preview Content\"";
				DEVELOPMENT_TEAM = XSC9AJPSP3;
				ENABLE_PREVIEWS = YES;
				GENERATE_INFOPLIST_FILE = YES;
				INFOPLIST_KEY_UIApplicationSceneManifest_Generation = YES;
				INFOPLIST_KEY_UIApplicationSupportsIndirectInputEvents = YES;
				INFOPLIST_KEY_UILaunchScreen_Generation = YES;
				INFOPLIST_KEY_UISupportedInterfaceOrientations_iPad = "UIInterfaceOrientationPortrait UIInterfaceOrientationPortraitUpsideDown UIInterfaceOrientationLandscapeLeft UIInterfaceOrientationLandscapeRight";
				INFOPLIST_KEY_UISupportedInterfaceOrientations_iPhone = "UIInterfaceOrientationPortrait UIInterfaceOrientationLandscapeLeft UIInterfaceOrientationLandscapeRight";
				LD_RUNPATH_SEARCH_PATHS = (
					"$(inherited)",
					"@executable_path/Frameworks",
				);
				MARKETING_VERSION = 1.0;
				PRODUCT_BUNDLE_IDENTIFIER = com.akidon0000.QiitaSearcher;
				PRODUCT_NAME = "$(TARGET_NAME)";
				SWIFT_EMIT_LOC_STRINGS = YES;
				SWIFT_VERSION = 5.0;
				TARGETED_DEVICE_FAMILY = "1,2";
			};
			name = Release;
		};
		1A56FEE32BBC536E00869AFB /* Debug */ = {
			isa = XCBuildConfiguration;
			buildSettings = {
				ALWAYS_EMBED_SWIFT_STANDARD_LIBRARIES = YES;
				BUNDLE_LOADER = "$(TEST_HOST)";
				CODE_SIGN_STYLE = Automatic;
				CURRENT_PROJECT_VERSION = 1;
				DEVELOPMENT_TEAM = XSC9AJPSP3;
				GENERATE_INFOPLIST_FILE = YES;
				IPHONEOS_DEPLOYMENT_TARGET = 17.0;
				MARKETING_VERSION = 1.0;
				PRODUCT_BUNDLE_IDENTIFIER = com.akidon0000.QiitaSearcherTests;
				PRODUCT_NAME = "$(TARGET_NAME)";
				SWIFT_EMIT_LOC_STRINGS = NO;
				SWIFT_VERSION = 5.0;
				TARGETED_DEVICE_FAMILY = "1,2";
				TEST_HOST = "$(BUILT_PRODUCTS_DIR)/QiitaSearcher.app/$(BUNDLE_EXECUTABLE_FOLDER_PATH)/QiitaSearcher";
			};
			name = Debug;
		};
		1A56FEE42BBC536E00869AFB /* Release */ = {
			isa = XCBuildConfiguration;
			buildSettings = {
				ALWAYS_EMBED_SWIFT_STANDARD_LIBRARIES = YES;
				BUNDLE_LOADER = "$(TEST_HOST)";
				CODE_SIGN_STYLE = Automatic;
				CURRENT_PROJECT_VERSION = 1;
				DEVELOPMENT_TEAM = XSC9AJPSP3;
				GENERATE_INFOPLIST_FILE = YES;
				IPHONEOS_DEPLOYMENT_TARGET = 17.0;
				MARKETING_VERSION = 1.0;
				PRODUCT_BUNDLE_IDENTIFIER = com.akidon0000.QiitaSearcherTests;
				PRODUCT_NAME = "$(TARGET_NAME)";
				SWIFT_EMIT_LOC_STRINGS = NO;
				SWIFT_VERSION = 5.0;
				TARGETED_DEVICE_FAMILY = "1,2";
				TEST_HOST = "$(BUILT_PRODUCTS_DIR)/QiitaSearcher.app/$(BUNDLE_EXECUTABLE_FOLDER_PATH)/QiitaSearcher";
			};
			name = Release;
		};
		1A56FEE62BBC536E00869AFB /* Debug */ = {
			isa = XCBuildConfiguration;
			buildSettings = {
				ALWAYS_EMBED_SWIFT_STANDARD_LIBRARIES = YES;
				CODE_SIGN_STYLE = Automatic;
				CURRENT_PROJECT_VERSION = 1;
				DEVELOPMENT_TEAM = XSC9AJPSP3;
				GENERATE_INFOPLIST_FILE = YES;
				MARKETING_VERSION = 1.0;
				PRODUCT_BUNDLE_IDENTIFIER = com.akidon0000.QiitaSearcherUITests;
				PRODUCT_NAME = "$(TARGET_NAME)";
				SWIFT_EMIT_LOC_STRINGS = NO;
				SWIFT_VERSION = 5.0;
				TARGETED_DEVICE_FAMILY = "1,2";
				TEST_TARGET_NAME = QiitaSearcher;
			};
			name = Debug;
		};
		1A56FEE72BBC536E00869AFB /* Release */ = {
			isa = XCBuildConfiguration;
			buildSettings = {
				ALWAYS_EMBED_SWIFT_STANDARD_LIBRARIES = YES;
				CODE_SIGN_STYLE = Automatic;
				CURRENT_PROJECT_VERSION = 1;
				DEVELOPMENT_TEAM = XSC9AJPSP3;
				GENERATE_INFOPLIST_FILE = YES;
				MARKETING_VERSION = 1.0;
				PRODUCT_BUNDLE_IDENTIFIER = com.akidon0000.QiitaSearcherUITests;
				PRODUCT_NAME = "$(TARGET_NAME)";
				SWIFT_EMIT_LOC_STRINGS = NO;
				SWIFT_VERSION = 5.0;
				TARGETED_DEVICE_FAMILY = "1,2";
				TEST_TARGET_NAME = QiitaSearcher;
			};
			name = Release;
		};
/* End XCBuildConfiguration section */

/* Begin XCConfigurationList section */
		1A56FEB62BBC536900869AFB /* Build configuration list for PBXProject "QiitaSearcher" */ = {
			isa = XCConfigurationList;
			buildConfigurations = (
				1A56FEDD2BBC536E00869AFB /* Debug */,
				1A56FEDE2BBC536E00869AFB /* Release */,
			);
			defaultConfigurationIsVisible = 0;
			defaultConfigurationName = Release;
		};
		1A56FEDF2BBC536E00869AFB /* Build configuration list for PBXNativeTarget "QiitaSearcher" */ = {
			isa = XCConfigurationList;
			buildConfigurations = (
				1A56FEE02BBC536E00869AFB /* Debug */,
				1A56FEE12BBC536E00869AFB /* Release */,
			);
			defaultConfigurationIsVisible = 0;
			defaultConfigurationName = Release;
		};
		1A56FEE22BBC536E00869AFB /* Build configuration list for PBXNativeTarget "QiitaSearcherTests" */ = {
			isa = XCConfigurationList;
			buildConfigurations = (
				1A56FEE32BBC536E00869AFB /* Debug */,
				1A56FEE42BBC536E00869AFB /* Release */,
			);
			defaultConfigurationIsVisible = 0;
			defaultConfigurationName = Release;
		};
		1A56FEE52BBC536E00869AFB /* Build configuration list for PBXNativeTarget "QiitaSearcherUITests" */ = {
			isa = XCConfigurationList;
			buildConfigurations = (
				1A56FEE62BBC536E00869AFB /* Debug */,
				1A56FEE72BBC536E00869AFB /* Release */,
			);
			defaultConfigurationIsVisible = 0;
			defaultConfigurationName = Release;
		};
/* End XCConfigurationList section */
	};
	rootObject = 1A56FEB32BBC536900869AFB /* Project object */;
}
